
Microsoft Visual Studio Solution File, Format Version 12.00
# Visual Studio Version 16
VisualStudioVersion = 16.0.31829.152
MinimumVisualStudioVersion = 10.0.40219.1
Project("{FAE04EC0-301F-11D3-BF4B-00C04F79EFBC}") = "L07_1", "L07_1\L07_1.csproj", "{16BEA2C7-69CD-4F21-AB28-9A1F39279F18}"
EndProject
Global
	GlobalSection(SolutionConfigurationPlatforms) = preSolution
		Debug|Any CPU = Debug|Any CPU
		Release|Any CPU = Release|Any CPU
	EndGlobalSection
	GlobalSection(ProjectConfigurationPlatforms) = postSolution
		{16BEA2C7-69CD-4F21-AB28-9A1F39279F18}.Debug|Any CPU.ActiveCfg = Debug|Any CPU
		{16BEA2C7-69CD-4F21-AB28-9A1F39279F18}.Debug|Any CPU.Build.0 = Debug|Any CPU
		{16BEA2C7-69CD-4F21-AB28-9A1F39279F18}.Release|Any CPU.ActiveCfg = Release|Any CPU
		{16BEA2C7-69CD-4F21-AB28-9A1F39279F18}.Release|Any CPU.Build.0 = Release|Any CPU
	EndGlobalSection
	GlobalSection(SolutionProperties) = preSolution
		HideSolutionNode = FALSE
	EndGlobalSection
	GlobalSection(ExtensibilityGlobals) = postSolution
		SolutionGuid = {4704C9DF-57D8-4576-A08D-810FFD9EE46D}
	EndGlobalSection
EndGlobal
