
Microsoft Visual Studio Solution File, Format Version 12.00
# Visual Studio Version 16
VisualStudioVersion = 16.0.31829.152
MinimumVisualStudioVersion = 10.0.40219.1
Project("{FAE04EC0-301F-11D3-BF4B-00C04F79EFBC}") = "L06_2", "L06_2\L06_2.csproj", "{34442CA2-1EC0-4ADA-87CD-FC44970684C0}"
EndProject
Global
	GlobalSection(SolutionConfigurationPlatforms) = preSolution
		Debug|Any CPU = Debug|Any CPU
		Release|Any CPU = Release|Any CPU
	EndGlobalSection
	GlobalSection(ProjectConfigurationPlatforms) = postSolution
		{34442CA2-1EC0-4ADA-87CD-FC44970684C0}.Debug|Any CPU.ActiveCfg = Debug|Any CPU
		{34442CA2-1EC0-4ADA-87CD-FC44970684C0}.Debug|Any CPU.Build.0 = Debug|Any CPU
		{34442CA2-1EC0-4ADA-87CD-FC44970684C0}.Release|Any CPU.ActiveCfg = Release|Any CPU
		{34442CA2-1EC0-4ADA-87CD-FC44970684C0}.Release|Any CPU.Build.0 = Release|Any CPU
	EndGlobalSection
	GlobalSection(SolutionProperties) = preSolution
		HideSolutionNode = FALSE
	EndGlobalSection
	GlobalSection(ExtensibilityGlobals) = postSolution
		SolutionGuid = {4349D239-B143-4BCE-BD0D-C07A5248D267}
	EndGlobalSection
EndGlobal
