
Microsoft Visual Studio Solution File, Format Version 12.00
# Visual Studio Version 16
VisualStudioVersion = 16.0.31829.152
MinimumVisualStudioVersion = 10.0.40219.1
Project("{FAE04EC0-301F-11D3-BF4B-00C04F79EFBC}") = "L06_6", "L06_6\L06_6.csproj", "{316A7051-1718-4756-9291-A4D7D51991ED}"
EndProject
Global
	GlobalSection(SolutionConfigurationPlatforms) = preSolution
		Debug|Any CPU = Debug|Any CPU
		Release|Any CPU = Release|Any CPU
	EndGlobalSection
	GlobalSection(ProjectConfigurationPlatforms) = postSolution
		{316A7051-1718-4756-9291-A4D7D51991ED}.Debug|Any CPU.ActiveCfg = Debug|Any CPU
		{316A7051-1718-4756-9291-A4D7D51991ED}.Debug|Any CPU.Build.0 = Debug|Any CPU
		{316A7051-1718-4756-9291-A4D7D51991ED}.Release|Any CPU.ActiveCfg = Release|Any CPU
		{316A7051-1718-4756-9291-A4D7D51991ED}.Release|Any CPU.Build.0 = Release|Any CPU
	EndGlobalSection
	GlobalSection(SolutionProperties) = preSolution
		HideSolutionNode = FALSE
	EndGlobalSection
	GlobalSection(ExtensibilityGlobals) = postSolution
		SolutionGuid = {DE7E7C4D-0123-4EB5-A714-996DD24A2009}
	EndGlobalSection
EndGlobal
